
Microsoft Visual Studio Solution File, Format Version 12.00
# Visual Studio 15
VisualStudioVersion = 15.0.27130.2003
MinimumVisualStudioVersion = 10.0.40219.1
Project("{FAE04EC0-301F-11D3-BF4B-00C04F79EFBC}") = "BowlingTests", "BowlingTests\BowlingTests.csproj", "{F305F91D-8102-4FFF-A59C-84019D8F57FF}"
EndProject
Project("{FAE04EC0-301F-11D3-BF4B-00C04F79EFBC}") = "Bowling", "Bowling\Bowling.csproj", "{C378F3B0-C01D-410B-A76F-E4C6FB8497C7}"
EndProject
Global
	GlobalSection(SolutionConfigurationPlatforms) = preSolution
		Debug|Any CPU = Debug|Any CPU
		Release|Any CPU = Release|Any CPU
	EndGlobalSection
	GlobalSection(ProjectConfigurationPlatforms) = postSolution
		{F305F91D-8102-4FFF-A59C-84019D8F57FF}.Debug|Any CPU.ActiveCfg = Debug|Any CPU
		{F305F91D-8102-4FFF-A59C-84019D8F57FF}.Debug|Any CPU.Build.0 = Debug|Any CPU
		{F305F91D-8102-4FFF-A59C-84019D8F57FF}.Release|Any CPU.ActiveCfg = Release|Any CPU
		{F305F91D-8102-4FFF-A59C-84019D8F57FF}.Release|Any CPU.Build.0 = Release|Any CPU
		{C378F3B0-C01D-410B-A76F-E4C6FB8497C7}.Debug|Any CPU.ActiveCfg = Debug|Any CPU
		{C378F3B0-C01D-410B-A76F-E4C6FB8497C7}.Debug|Any CPU.Build.0 = Debug|Any CPU
		{C378F3B0-C01D-410B-A76F-E4C6FB8497C7}.Release|Any CPU.ActiveCfg = Release|Any CPU
		{C378F3B0-C01D-410B-A76F-E4C6FB8497C7}.Release|Any CPU.Build.0 = Release|Any CPU
	EndGlobalSection
	GlobalSection(SolutionProperties) = preSolution
		HideSolutionNode = FALSE
	EndGlobalSection
	GlobalSection(ExtensibilityGlobals) = postSolution
		SolutionGuid = {C413DBF5-72FF-4C4F-97DF-0E0B661A5AC7}
	EndGlobalSection
EndGlobal
